github.com/google/go-cmp v0.5.7 h1:81/ik6ipDQS2aGcBfIN5dHDB36BwrStyeAQquSYCV4o=
github.com/google/go-cmp v0.5.7/go.mod h1:n+brtR0CgQNWTVd5ZUFpTBC8YFBDLK/h/bpaJ8/DtOE=
github.com/mdlayher/schedgroup v1.0.0 h1:MJS37Rkver2jHaRV5WE5xszN56xZt5yQlqNjtBI7Hsc=
github.com/mdlayher/schedgroup v1.0.0/go.mod h1:1i5jZ9Z+r9TUTWtmaXbeOX/4ek5HXqgAdREZJGP5Ry4=
github.com/orcaman/concurrent-map v1.0.0 h1:I/2A2XPCb4IuQWcQhBhSwGfiuybl/J0ev9HDbW65HOY=
github.com/orcaman/concurrent-map v1.0.0/go.mod h1:Lu3tH6HLW3feq74c2GC+jIMS/K2CFcDWnWD9XkenwhI=
